
Microsoft Visual Studio Solution File, Format Version 12.00
# Visual Studio 14
VisualStudioVersion = 14.0.25420.1
MinimumVisualStudioVersion = 10.0.40219.1
Project("{FAE04EC0-301F-11D3-BF4B-00C04F79EFBC}") = "TagsCloudCore", "TagsCloudCore\TagsCloudCore.csproj", "{46D5CA67-42D6-4FDB-9B70-759F78F8E529}"
EndProject
Project("{FAE04EC0-301F-11D3-BF4B-00C04F79EFBC}") = "TagsCloudCoreTests", "TagsCloudCoreTests\TagsCloudCoreTests.csproj", "{E4C7743C-6289-4C21-A04C-B9AEF1D6279F}"
EndProject
Project("{FAE04EC0-301F-11D3-BF4B-00C04F79EFBC}") = "Geometry", "Geometry\Geometry.csproj", "{12755CD2-BCB6-49A1-95D3-74CAC34040D6}"
EndProject
Project("{FAE04EC0-301F-11D3-BF4B-00C04F79EFBC}") = "GeometryTests", "GeometryTests\GeometryTests.csproj", "{80B1AAE0-8441-417D-8B81-944A0882D0FC}"
EndProject
Project("{FAE04EC0-301F-11D3-BF4B-00C04F79EFBC}") = "TagsCloudCli", "TagsCloudCli\TagsCloudCli.csproj", "{0190B0DB-2E1A-4A4F-9EA6-91BCE6AC2EAF}"
EndProject
Project("{FAE04EC0-301F-11D3-BF4B-00C04F79EFBC}") = "TagsCloudBuildDep", "TagsCloudBuildDep\TagsCloudBuildDep.csproj", "{7F1FB34A-B70E-401E-A17C-BF7ED465FB55}"
EndProject
Project("{FAE04EC0-301F-11D3-BF4B-00C04F79EFBC}") = "ResultOf", "Result\ResultOf.csproj", "{8DEAA999-0816-45A8-9C2C-5B1D83D89D15}"
EndProject
Global
	GlobalSection(SolutionConfigurationPlatforms) = preSolution
		Debug|Any CPU = Debug|Any CPU
		Release|Any CPU = Release|Any CPU
	EndGlobalSection
	GlobalSection(ProjectConfigurationPlatforms) = postSolution
		{46D5CA67-42D6-4FDB-9B70-759F78F8E529}.Debug|Any CPU.ActiveCfg = Debug|Any CPU
		{46D5CA67-42D6-4FDB-9B70-759F78F8E529}.Debug|Any CPU.Build.0 = Debug|Any CPU
		{46D5CA67-42D6-4FDB-9B70-759F78F8E529}.Release|Any CPU.ActiveCfg = Release|Any CPU
		{46D5CA67-42D6-4FDB-9B70-759F78F8E529}.Release|Any CPU.Build.0 = Release|Any CPU
		{E4C7743C-6289-4C21-A04C-B9AEF1D6279F}.Debug|Any CPU.ActiveCfg = Debug|Any CPU
		{E4C7743C-6289-4C21-A04C-B9AEF1D6279F}.Debug|Any CPU.Build.0 = Debug|Any CPU
		{E4C7743C-6289-4C21-A04C-B9AEF1D6279F}.Release|Any CPU.ActiveCfg = Release|Any CPU
		{E4C7743C-6289-4C21-A04C-B9AEF1D6279F}.Release|Any CPU.Build.0 = Release|Any CPU
		{12755CD2-BCB6-49A1-95D3-74CAC34040D6}.Debug|Any CPU.ActiveCfg = Debug|Any CPU
		{12755CD2-BCB6-49A1-95D3-74CAC34040D6}.Debug|Any CPU.Build.0 = Debug|Any CPU
		{12755CD2-BCB6-49A1-95D3-74CAC34040D6}.Release|Any CPU.ActiveCfg = Release|Any CPU
		{12755CD2-BCB6-49A1-95D3-74CAC34040D6}.Release|Any CPU.Build.0 = Release|Any CPU
		{80B1AAE0-8441-417D-8B81-944A0882D0FC}.Debug|Any CPU.ActiveCfg = Debug|Any CPU
		{80B1AAE0-8441-417D-8B81-944A0882D0FC}.Debug|Any CPU.Build.0 = Debug|Any CPU
		{80B1AAE0-8441-417D-8B81-944A0882D0FC}.Release|Any CPU.ActiveCfg = Release|Any CPU
		{80B1AAE0-8441-417D-8B81-944A0882D0FC}.Release|Any CPU.Build.0 = Release|Any CPU
		{0190B0DB-2E1A-4A4F-9EA6-91BCE6AC2EAF}.Debug|Any CPU.ActiveCfg = Debug|Any CPU
		{0190B0DB-2E1A-4A4F-9EA6-91BCE6AC2EAF}.Debug|Any CPU.Build.0 = Debug|Any CPU
		{0190B0DB-2E1A-4A4F-9EA6-91BCE6AC2EAF}.Release|Any CPU.ActiveCfg = Release|Any CPU
		{0190B0DB-2E1A-4A4F-9EA6-91BCE6AC2EAF}.Release|Any CPU.Build.0 = Release|Any CPU
		{7F1FB34A-B70E-401E-A17C-BF7ED465FB55}.Debug|Any CPU.ActiveCfg = Debug|Any CPU
		{7F1FB34A-B70E-401E-A17C-BF7ED465FB55}.Debug|Any CPU.Build.0 = Debug|Any CPU
		{7F1FB34A-B70E-401E-A17C-BF7ED465FB55}.Release|Any CPU.ActiveCfg = Release|Any CPU
		{7F1FB34A-B70E-401E-A17C-BF7ED465FB55}.Release|Any CPU.Build.0 = Release|Any CPU
		{8DEAA999-0816-45A8-9C2C-5B1D83D89D15}.Debug|Any CPU.ActiveCfg = Debug|Any CPU
		{8DEAA999-0816-45A8-9C2C-5B1D83D89D15}.Debug|Any CPU.Build.0 = Debug|Any CPU
		{8DEAA999-0816-45A8-9C2C-5B1D83D89D15}.Release|Any CPU.ActiveCfg = Release|Any CPU
		{8DEAA999-0816-45A8-9C2C-5B1D83D89D15}.Release|Any CPU.Build.0 = Release|Any CPU
	EndGlobalSection
	GlobalSection(SolutionProperties) = preSolution
		HideSolutionNode = FALSE
	EndGlobalSection
EndGlobal
